{
  "version": 4,
  "terraform_version": "1.5.4",
  "serial": 69,
  "lineage": "e0f32645-1a42-6653-a18e-d2eca6f687d4",
  "outputs": {},
  "resources": [
    {
      "mode": "data",
      "type": "terraform_remote_state",
      "name": "Global",
      "provider": "provider[\"terraform.io/builtin/terraform\"]",
      "instances": [
        {
          "schema_version": 0,
          "attributes": {
            "backend": "s3",
            "config": {
              "value": {
                "bucket": "terraform-state-govtech-tap",
                "key": "environment/global/global.tfstate",
                "region": "ap-southeast-1"
              },
              "type": [
                "object",
                {
                  "bucket": "string",
                  "key": "string",
                  "region": "string"
                }
              ]
            },
            "defaults": null,
            "outputs": {
              "value": {
                "bucket_arn": "arn:aws:s3:::govtech-tap-ap-southeast-1-elb-access-logs",
                "bucket_id": "govtech-tap-ap-southeast-1-elb-access-logs"
              },
              "type": [
                "object",
                {
                  "bucket_arn": "string",
                  "bucket_id": "string"
                }
              ]
            },
            "workspace": null
          },
          "sensitive_attributes": []
        }
      ]
    },
    {
      "module": "module.ec2",
      "mode": "data",
      "type": "aws_ami",
      "name": "ami",
      "provider": "provider[\"registry.terraform.io/hashicorp/aws\"]",
      "instances": [
        {
          "schema_version": 0,
          "attributes": {
            "architecture": "x86_64",
            "arn": "arn:aws:ec2:ap-southeast-1::image/ami-0a481e6d13af82399",
            "block_device_mappings": [
              {
                "device_name": "/dev/xvda",
                "ebs": {
                  "delete_on_termination": "true",
                  "encrypted": "false",
                  "iops": "3000",
                  "snapshot_id": "snap-0131791a8a0dd1c40",
                  "throughput": "125",
                  "volume_size": "8",
                  "volume_type": "gp3"
                },
                "no_device": "",
                "virtual_name": ""
              }
            ],
            "boot_mode": "uefi-preferred",
            "creation_date": "2023-07-25T22:46:53.000Z",
            "deprecation_time": "2023-10-23T22:47:00.000Z",
            "description": "Amazon Linux 2023 AMI 2023.1.20230725.0 x86_64 HVM kernel-6.1",
            "ena_support": true,
            "executable_users": null,
            "filter": [
              {
                "name": "name",
                "values": [
                  "al2023-ami-2023.1.20230725.0-kernel-6.1-x86_64*"
                ]
              }
            ],
            "hypervisor": "xen",
            "id": "ami-0a481e6d13af82399",
            "image_id": "ami-0a481e6d13af82399",
            "image_location": "amazon/al2023-ami-2023.1.20230725.0-kernel-6.1-x86_64",
            "image_owner_alias": "amazon",
            "image_type": "machine",
            "imds_support": "v2.0",
            "include_deprecated": false,
            "kernel_id": "",
            "most_recent": true,
            "name": "al2023-ami-2023.1.20230725.0-kernel-6.1-x86_64",
            "name_regex": null,
            "owner_id": "137112412989",
            "owners": [
              "137112412989"
            ],
            "platform": "",
            "platform_details": "Linux/UNIX",
            "product_codes": [],
            "public": true,
            "ramdisk_id": "",
            "root_device_name": "/dev/xvda",
            "root_device_type": "ebs",
            "root_snapshot_id": "snap-0131791a8a0dd1c40",
            "sriov_net_support": "simple",
            "state": "available",
            "state_reason": {
              "code": "UNSET",
              "message": "UNSET"
            },
            "tags": {},
            "timeouts": null,
            "tpm_support": "",
            "usage_operation": "RunInstances",
            "virtualization_type": "hvm"
          },
          "sensitive_attributes": []
        }
      ]
    },
    {
      "module": "module.ec2",
      "mode": "managed",
      "type": "aws_autoscaling_group",
      "name": "autoscaling_group",
      "provider": "provider[\"registry.terraform.io/hashicorp/aws\"]",
      "instances": [
        {
          "schema_version": 0,
          "attributes": {
            "arn": "arn:aws:autoscaling:ap-southeast-1:203630641684:autoScalingGroup:8d2c91a8-52c3-4390-b0a9-a8109ee001a7:autoScalingGroupName/web-service-govtech-tap",
            "availability_zones": [
              "ap-southeast-1a",
              "ap-southeast-1b"
            ],
            "capacity_rebalance": false,
            "context": "",
            "default_cooldown": 300,
            "default_instance_warmup": 0,
            "desired_capacity": 2,
            "desired_capacity_type": "",
            "enabled_metrics": null,
            "force_delete": false,
            "force_delete_warm_pool": false,
            "health_check_grace_period": 300,
            "health_check_type": "EC2",
            "id": "web-service-govtech-tap",
            "initial_lifecycle_hook": [],
            "instance_refresh": [],
            "launch_configuration": "",
            "launch_template": [
              {
                "id": "lt-0634d5c6b10da9bfc",
                "name": "prod-ecs-ap-southeast-1-lt",
                "version": "$Latest"
              }
            ],
            "load_balancers": [],
            "max_instance_lifetime": 604800,
            "max_size": 5,
            "metrics_granularity": "1Minute",
            "min_elb_capacity": null,
            "min_size": 1,
            "mixed_instances_policy": [],
            "name": "web-service-govtech-tap",
            "name_prefix": "",
            "placement_group": "",
            "predicted_capacity": 0,
            "protect_from_scale_in": false,
            "service_linked_role_arn": "arn:aws:iam::203630641684:role/aws-service-role/autoscaling.amazonaws.com/AWSServiceRoleForAutoScaling_0",
            "suspended_processes": null,
            "tag": [
              {
                "key": "Environment",
                "propagate_at_launch": true,
                "value": "prod"
              },
              {
                "key": "Name",
                "propagate_at_launch": true,
                "value": "web-service-govtech-tap"
              }
            ],
            "target_group_arns": [],
            "termination_policies": null,
            "timeouts": null,
            "traffic_source": [],
            "vpc_zone_identifier": [
              "subnet-03ab8568049ea3c8b",
              "subnet-079a11653336fd9ca"
            ],
            "wait_for_capacity_timeout": "10m",
            "wait_for_elb_capacity": null,
            "warm_pool": [],
            "warm_pool_size": 0
          },
          "sensitive_attributes": [],
          "private": "eyJlMmJmYjczMC1lY2FhLTExZTYtOGY4OC0zNDM2M2JjN2M0YzAiOnsiZGVsZXRlIjo2MDAwMDAwMDAwMDAsInVwZGF0ZSI6NjAwMDAwMDAwMDAwfX0=",
          "dependencies": [
            "module.ec2.aws_launch_template.launch_template"
          ]
        }
      ]
    },
    {
      "module": "module.ec2",
      "mode": "managed",
      "type": "aws_launch_template",
      "name": "launch_template",
      "provider": "provider[\"registry.terraform.io/hashicorp/aws\"]",
      "instances": [
        {
          "schema_version": 0,
          "attributes": {
            "arn": "arn:aws:ec2:ap-southeast-1:203630641684:launch-template/lt-0634d5c6b10da9bfc",
            "block_device_mappings": [],
            "capacity_reservation_specification": [],
            "cpu_options": [],
            "credit_specification": [],
            "default_version": 1,
            "description": "",
            "disable_api_stop": false,
            "disable_api_termination": false,
            "ebs_optimized": "",
            "elastic_gpu_specifications": [],
            "elastic_inference_accelerator": [],
            "enclave_options": [],
            "hibernation_options": [],
            "iam_instance_profile": [
              {
                "arn": "arn:aws:iam::203630641684:instance-profile/InstanceProfile",
                "name": ""
              }
            ],
            "id": "lt-0634d5c6b10da9bfc",
            "image_id": "ami-0a481e6d13af82399",
            "instance_initiated_shutdown_behavior": "",
            "instance_market_options": [],
            "instance_requirements": [],
            "instance_type": "t2.micro",
            "kernel_id": "",
            "key_name": "terraform-access",
            "latest_version": 1,
            "license_specification": [],
            "maintenance_options": [],
            "metadata_options": [
              {
                "http_endpoint": "enabled",
                "http_protocol_ipv6": "",
                "http_put_response_hop_limit": 2,
                "http_tokens": "required",
                "instance_metadata_tags": ""
              }
            ],
            "monitoring": [
              {
                "enabled": true
              }
            ],
            "name": "prod-ecs-ap-southeast-1-lt",
            "name_prefix": "",
            "network_interfaces": [
              {
                "associate_carrier_ip_address": "",
                "associate_public_ip_address": "",
                "delete_on_termination": "",
                "description": "",
                "device_index": 0,
                "interface_type": "",
                "ipv4_address_count": 0,
                "ipv4_addresses": [],
                "ipv4_prefix_count": 0,
                "ipv4_prefixes": [],
                "ipv6_address_count": 0,
                "ipv6_addresses": [],
                "ipv6_prefix_count": 0,
                "ipv6_prefixes": [],
                "network_card_index": 0,
                "network_interface_id": "",
                "private_ip_address": "",
                "security_groups": [
                  "sg-024dd73b3c06df59e"
                ],
                "subnet_id": ""
              }
            ],
            "placement": [],
            "private_dns_name_options": [],
            "ram_disk_id": "",
            "security_group_names": [],
            "tag_specifications": [
              {
                "resource_type": "instance",
                "tags": {
                  "name": "prod-ecs-ap-southeast-1-node"
                }
              }
            ],
            "tags": {
              "Environment": "prod",
              "Name": "prod-ecs-ap-southeast-1-lt"
            },
            "tags_all": {
              "Environment": "prod",
              "Name": "prod-ecs-ap-southeast-1-lt"
            },
            "update_default_version": null,
            "user_data": "IyEvYmluL2Jhc2gKZWNobyBFQ1NfQ0xVU1RFUj1wcm9kLWFwLXNvdXRoZWFzdC0xLWVjcyA+PiAvZXRjL2Vjcy9lY3MuY29uZmlnCnN0YXJ0IGVjcw==",
            "vpc_security_group_ids": []
          },
          "sensitive_attributes": [],
          "private": "bnVsbA==",
          "dependencies": [
            "module.ec2.data.aws_ami.ami"
          ]
        }
      ]
    },
    {
      "module": "module.ecs-service",
      "mode": "managed",
      "type": "aws_ecs_service",
      "name": "ecs_service",
      "provider": "provider[\"registry.terraform.io/hashicorp/aws\"]",
      "instances": [
        {
          "schema_version": 0,
          "attributes": {
            "alarms": [],
            "capacity_provider_strategy": [],
            "cluster": "prod-ap-southeast-1-ecs",
            "deployment_circuit_breaker": [
              {
                "enable": false,
                "rollback": false
              }
            ],
            "deployment_controller": [
              {
                "type": "ECS"
              }
            ],
            "deployment_maximum_percent": 200,
            "deployment_minimum_healthy_percent": 100,
            "desired_count": 2,
            "enable_ecs_managed_tags": true,
            "enable_execute_command": false,
            "force_new_deployment": null,
            "health_check_grace_period_seconds": 60,
            "iam_role": "arn:aws:iam::203630641684:role/ECSRole",
            "id": "arn:aws:ecs:ap-southeast-1:203630641684:service/prod-ap-southeast-1-ecs/web-service",
            "launch_type": "EC2",
            "load_balancer": [
              {
                "container_name": "web-service-container",
                "container_port": 3000,
                "elb_name": "",
                "target_group_arn": "arn:aws:elasticloadbalancing:ap-southeast-1:203630641684:targetgroup/prod-tg/2bb78354790ed49d"
              }
            ],
            "name": "web-service",
            "network_configuration": [],
            "ordered_placement_strategy": [],
            "placement_constraints": [
              {
                "expression": "attribute:ecs.availability-zone in [ap-southeast-1a, ap-southeast-1b]",
                "type": "memberOf"
              }
            ],
            "platform_version": "",
            "propagate_tags": "SERVICE",
            "scheduling_strategy": "REPLICA",
            "service_connect_configuration": [],
            "service_registries": [],
            "tags": {},
            "tags_all": {},
            "task_definition": "arn:aws:ecs:ap-southeast-1:203630641684:task-definition/web-service:2",
            "timeouts": null,
            "triggers": {},
            "wait_for_steady_state": false
          },
          "sensitive_attributes": [],
          "private": "eyJlMmJmYjczMC1lY2FhLTExZTYtOGY4OC0zNDM2M2JjN2M0YzAiOnsiY3JlYXRlIjoxMjAwMDAwMDAwMDAwLCJkZWxldGUiOjEyMDAwMDAwMDAwMDAsInVwZGF0ZSI6MTIwMDAwMDAwMDAwMH19",
          "dependencies": [
            "module.ecs-service.aws_ecs_task_definition.ecs_task_definition"
          ]
        }
      ]
    },
    {
      "module": "module.ecs-service",
      "mode": "managed",
      "type": "aws_ecs_task_definition",
      "name": "ecs_task_definition",
      "provider": "provider[\"registry.terraform.io/hashicorp/aws\"]",
      "instances": [
        {
          "schema_version": 1,
          "attributes": {
            "arn": "arn:aws:ecs:ap-southeast-1:203630641684:task-definition/web-service:2",
            "arn_without_revision": "arn:aws:ecs:ap-southeast-1:203630641684:task-definition/web-service",
            "container_definitions": "[{\"cpu\":1024,\"environment\":[{\"name\":\"ENVIRONMENT\",\"value\":\"prod\"}],\"essential\":true,\"image\":\"203630641684.dkr.ecr.ap-southeast-1.amazonaws.com/web-service-govtech-tap:latest\",\"memoryReservation\":2048,\"mountPoints\":[],\"name\":\"web-service-container\",\"portMappings\":[{\"containerPort\":3000,\"hostPort\":0,\"protocol\":\"tcp\"}],\"volumesFrom\":[]}]",
            "cpu": "",
            "ephemeral_storage": [],
            "execution_role_arn": "arn:aws:iam::203630641684:role/ECSExecutionRole",
            "family": "web-service",
            "id": "web-service",
            "inference_accelerator": [],
            "ipc_mode": "",
            "memory": "",
            "network_mode": "bridge",
            "pid_mode": "",
            "placement_constraints": [],
            "proxy_configuration": [],
            "requires_compatibilities": [
              "EC2"
            ],
            "revision": 2,
            "runtime_platform": [],
            "skip_destroy": false,
            "tags": {},
            "tags_all": {},
            "task_role_arn": "arn:aws:iam::203630641684:role/ECSExecutionRole",
            "volume": []
          },
          "sensitive_attributes": [],
          "private": "eyJzY2hlbWFfdmVyc2lvbiI6IjEifQ=="
        }
      ]
    }
  ],
  "check_results": null
}
